
Microsoft Visual Studio Solution File, Format Version 12.00
# Visual Studio Version 16
VisualStudioVersion = 16.0.30907.101
MinimumVisualStudioVersion = 10.0.40219.1
Project("{9A19103F-16F7-4668-BE54-9A1E7A4F7556}") = "CampIntro", "CampIntro\CampIntro.csproj", "{329F03D9-04F2-4777-AE29-65C4C5DC1451}"
EndProject
Project("{9A19103F-16F7-4668-BE54-9A1E7A4F7556}") = "Donguler", "Donguler\Donguler.csproj", "{06A51807-EA9E-4360-A654-8ACDB3656520}"
EndProject
Project("{9A19103F-16F7-4668-BE54-9A1E7A4F7556}") = "ClassIntro", "ClassIntro\ClassIntro.csproj", "{1BD44927-64F4-4379-8B0C-04BAF2DE1440}"
EndProject
Project("{FAE04EC0-301F-11D3-BF4B-00C04F79EFBC}") = "Metotlar", "Metotlar\Metotlar.csproj", "{0B8AEC15-B06A-4F46-AF5B-28385FEE5013}"
EndProject
Project("{FAE04EC0-301F-11D3-BF4B-00C04F79EFBC}") = "Matematik", "Matematik\Matematik.csproj", "{E58C4BCF-B7D1-4CCE-9D87-806FB64DC76B}"
EndProject
Project("{FAE04EC0-301F-11D3-BF4B-00C04F79EFBC}") = "DegerVeReferansTipler", "DegerVeReferansTipler\DegerVeReferansTipler.csproj", "{C7D1C943-4E3B-482C-A2D7-ED2451FDB7FF}"
EndProject
Global
	GlobalSection(SolutionConfigurationPlatforms) = preSolution
		Debug|Any CPU = Debug|Any CPU
		Release|Any CPU = Release|Any CPU
	EndGlobalSection
	GlobalSection(ProjectConfigurationPlatforms) = postSolution
		{329F03D9-04F2-4777-AE29-65C4C5DC1451}.Debug|Any CPU.ActiveCfg = Debug|Any CPU
		{329F03D9-04F2-4777-AE29-65C4C5DC1451}.Debug|Any CPU.Build.0 = Debug|Any CPU
		{329F03D9-04F2-4777-AE29-65C4C5DC1451}.Release|Any CPU.ActiveCfg = Release|Any CPU
		{329F03D9-04F2-4777-AE29-65C4C5DC1451}.Release|Any CPU.Build.0 = Release|Any CPU
		{06A51807-EA9E-4360-A654-8ACDB3656520}.Debug|Any CPU.ActiveCfg = Debug|Any CPU
		{06A51807-EA9E-4360-A654-8ACDB3656520}.Debug|Any CPU.Build.0 = Debug|Any CPU
		{06A51807-EA9E-4360-A654-8ACDB3656520}.Release|Any CPU.ActiveCfg = Release|Any CPU
		{06A51807-EA9E-4360-A654-8ACDB3656520}.Release|Any CPU.Build.0 = Release|Any CPU
		{1BD44927-64F4-4379-8B0C-04BAF2DE1440}.Debug|Any CPU.ActiveCfg = Debug|Any CPU
		{1BD44927-64F4-4379-8B0C-04BAF2DE1440}.Debug|Any CPU.Build.0 = Debug|Any CPU
		{1BD44927-64F4-4379-8B0C-04BAF2DE1440}.Release|Any CPU.ActiveCfg = Release|Any CPU
		{1BD44927-64F4-4379-8B0C-04BAF2DE1440}.Release|Any CPU.Build.0 = Release|Any CPU
		{0B8AEC15-B06A-4F46-AF5B-28385FEE5013}.Debug|Any CPU.ActiveCfg = Debug|Any CPU
		{0B8AEC15-B06A-4F46-AF5B-28385FEE5013}.Debug|Any CPU.Build.0 = Debug|Any CPU
		{0B8AEC15-B06A-4F46-AF5B-28385FEE5013}.Release|Any CPU.ActiveCfg = Release|Any CPU
		{0B8AEC15-B06A-4F46-AF5B-28385FEE5013}.Release|Any CPU.Build.0 = Release|Any CPU
		{E58C4BCF-B7D1-4CCE-9D87-806FB64DC76B}.Debug|Any CPU.ActiveCfg = Debug|Any CPU
		{E58C4BCF-B7D1-4CCE-9D87-806FB64DC76B}.Debug|Any CPU.Build.0 = Debug|Any CPU
		{E58C4BCF-B7D1-4CCE-9D87-806FB64DC76B}.Release|Any CPU.ActiveCfg = Release|Any CPU
		{E58C4BCF-B7D1-4CCE-9D87-806FB64DC76B}.Release|Any CPU.Build.0 = Release|Any CPU
		{C7D1C943-4E3B-482C-A2D7-ED2451FDB7FF}.Debug|Any CPU.ActiveCfg = Debug|Any CPU
		{C7D1C943-4E3B-482C-A2D7-ED2451FDB7FF}.Debug|Any CPU.Build.0 = Debug|Any CPU
		{C7D1C943-4E3B-482C-A2D7-ED2451FDB7FF}.Release|Any CPU.ActiveCfg = Release|Any CPU
		{C7D1C943-4E3B-482C-A2D7-ED2451FDB7FF}.Release|Any CPU.Build.0 = Release|Any CPU
	EndGlobalSection
	GlobalSection(SolutionProperties) = preSolution
		HideSolutionNode = FALSE
	EndGlobalSection
	GlobalSection(ExtensibilityGlobals) = postSolution
		SolutionGuid = {27CED685-62A5-4B38-A72F-455402FF618B}
	EndGlobalSection
EndGlobal
