
Microsoft Visual Studio Solution File, Format Version 12.00
# Visual Studio Version 16
VisualStudioVersion = 16.0.30907.101
MinimumVisualStudioVersion = 10.0.40219.1
Project("{9A19103F-16F7-4668-BE54-9A1E7A4F7556}") = "CampIntro", "CampIntro\CampIntro.csproj", "{329F03D9-04F2-4777-AE29-65C4C5DC1451}"
EndProject
Project("{9A19103F-16F7-4668-BE54-9A1E7A4F7556}") = "Donguler", "Donguler\Donguler.csproj", "{06A51807-EA9E-4360-A654-8ACDB3656520}"
EndProject
Project("{9A19103F-16F7-4668-BE54-9A1E7A4F7556}") = "ClassIntro", "ClassIntro\ClassIntro.csproj", "{1BD44927-64F4-4379-8B0C-04BAF2DE1440}"
EndProject
Project("{9A19103F-16F7-4668-BE54-9A1E7A4F7556}") = "Metotlar", "Metotlar\Metotlar.csproj", "{0B8AEC15-B06A-4F46-AF5B-28385FEE5013}"
EndProject
Project("{9A19103F-16F7-4668-BE54-9A1E7A4F7556}") = "Matematik", "Matematik\Matematik.csproj", "{E58C4BCF-B7D1-4CCE-9D87-806FB64DC76B}"
EndProject
Project("{9A19103F-16F7-4668-BE54-9A1E7A4F7556}") = "DegerVeReferansTipler", "DegerVeReferansTipler\DegerVeReferansTipler.csproj", "{C7D1C943-4E3B-482C-A2D7-ED2451FDB7FF}"
EndProject
Project("{9A19103F-16F7-4668-BE54-9A1E7A4F7556}") = "OOPF", "OOPF\OOPF.csproj", "{70FD96E1-284C-424B-9149-968600D5A5FA}"
EndProject
Project("{9A19103F-16F7-4668-BE54-9A1E7A4F7556}") = "ClassMetotDemo", "ClassMetotDemo\ClassMetotDemo.csproj", "{1E5FDF03-E33B-48A9-B871-EEB001E3E03A}"
EndProject
Project("{9A19103F-16F7-4668-BE54-9A1E7A4F7556}") = "Koleksiyonlar", "Koleksiyonlar\Koleksiyonlar.csproj", "{206762F2-AD04-421C-A64B-7353FC679B04}"
EndProject
Project("{9A19103F-16F7-4668-BE54-9A1E7A4F7556}") = "GenericsIntro", "GenericsIntro\GenericsIntro.csproj", "{FB305595-D7DB-4668-BADF-1EBC22B93816}"
EndProject
Project("{9A19103F-16F7-4668-BE54-9A1E7A4F7556}") = "Homework", "Homework\Homework.csproj", "{BE9E82DF-71FE-4F71-8F92-A4C2FA7D2EA3}"
EndProject
Project("{9A19103F-16F7-4668-BE54-9A1E7A4F7556}") = "Oop2", "Oop2\Oop2.csproj", "{476EE1CA-22F5-40EB-AF0E-35612ECA5D81}"
EndProject
Project("{FAE04EC0-301F-11D3-BF4B-00C04F79EFBC}") = "OOP3", "OOP3\OOP3.csproj", "{A7B0A08B-9E42-4837-895C-6E076D4A5205}"
EndProject
Global
	GlobalSection(SolutionConfigurationPlatforms) = preSolution
		Debug|Any CPU = Debug|Any CPU
		Release|Any CPU = Release|Any CPU
	EndGlobalSection
	GlobalSection(ProjectConfigurationPlatforms) = postSolution
		{329F03D9-04F2-4777-AE29-65C4C5DC1451}.Debug|Any CPU.ActiveCfg = Debug|Any CPU
		{329F03D9-04F2-4777-AE29-65C4C5DC1451}.Debug|Any CPU.Build.0 = Debug|Any CPU
		{329F03D9-04F2-4777-AE29-65C4C5DC1451}.Release|Any CPU.ActiveCfg = Release|Any CPU
		{329F03D9-04F2-4777-AE29-65C4C5DC1451}.Release|Any CPU.Build.0 = Release|Any CPU
		{06A51807-EA9E-4360-A654-8ACDB3656520}.Debug|Any CPU.ActiveCfg = Debug|Any CPU
		{06A51807-EA9E-4360-A654-8ACDB3656520}.Debug|Any CPU.Build.0 = Debug|Any CPU
		{06A51807-EA9E-4360-A654-8ACDB3656520}.Release|Any CPU.ActiveCfg = Release|Any CPU
		{06A51807-EA9E-4360-A654-8ACDB3656520}.Release|Any CPU.Build.0 = Release|Any CPU
		{1BD44927-64F4-4379-8B0C-04BAF2DE1440}.Debug|Any CPU.ActiveCfg = Debug|Any CPU
		{1BD44927-64F4-4379-8B0C-04BAF2DE1440}.Debug|Any CPU.Build.0 = Debug|Any CPU
		{1BD44927-64F4-4379-8B0C-04BAF2DE1440}.Release|Any CPU.ActiveCfg = Release|Any CPU
		{1BD44927-64F4-4379-8B0C-04BAF2DE1440}.Release|Any CPU.Build.0 = Release|Any CPU
		{0B8AEC15-B06A-4F46-AF5B-28385FEE5013}.Debug|Any CPU.ActiveCfg = Debug|Any CPU
		{0B8AEC15-B06A-4F46-AF5B-28385FEE5013}.Debug|Any CPU.Build.0 = Debug|Any CPU
		{0B8AEC15-B06A-4F46-AF5B-28385FEE5013}.Release|Any CPU.ActiveCfg = Release|Any CPU
		{0B8AEC15-B06A-4F46-AF5B-28385FEE5013}.Release|Any CPU.Build.0 = Release|Any CPU
		{E58C4BCF-B7D1-4CCE-9D87-806FB64DC76B}.Debug|Any CPU.ActiveCfg = Debug|Any CPU
		{E58C4BCF-B7D1-4CCE-9D87-806FB64DC76B}.Debug|Any CPU.Build.0 = Debug|Any CPU
		{E58C4BCF-B7D1-4CCE-9D87-806FB64DC76B}.Release|Any CPU.ActiveCfg = Release|Any CPU
		{E58C4BCF-B7D1-4CCE-9D87-806FB64DC76B}.Release|Any CPU.Build.0 = Release|Any CPU
		{C7D1C943-4E3B-482C-A2D7-ED2451FDB7FF}.Debug|Any CPU.ActiveCfg = Debug|Any CPU
		{C7D1C943-4E3B-482C-A2D7-ED2451FDB7FF}.Debug|Any CPU.Build.0 = Debug|Any CPU
		{C7D1C943-4E3B-482C-A2D7-ED2451FDB7FF}.Release|Any CPU.ActiveCfg = Release|Any CPU
		{C7D1C943-4E3B-482C-A2D7-ED2451FDB7FF}.Release|Any CPU.Build.0 = Release|Any CPU
		{70FD96E1-284C-424B-9149-968600D5A5FA}.Debug|Any CPU.ActiveCfg = Debug|Any CPU
		{70FD96E1-284C-424B-9149-968600D5A5FA}.Debug|Any CPU.Build.0 = Debug|Any CPU
		{70FD96E1-284C-424B-9149-968600D5A5FA}.Release|Any CPU.ActiveCfg = Release|Any CPU
		{70FD96E1-284C-424B-9149-968600D5A5FA}.Release|Any CPU.Build.0 = Release|Any CPU
		{1E5FDF03-E33B-48A9-B871-EEB001E3E03A}.Debug|Any CPU.ActiveCfg = Debug|Any CPU
		{1E5FDF03-E33B-48A9-B871-EEB001E3E03A}.Debug|Any CPU.Build.0 = Debug|Any CPU
		{1E5FDF03-E33B-48A9-B871-EEB001E3E03A}.Release|Any CPU.ActiveCfg = Release|Any CPU
		{1E5FDF03-E33B-48A9-B871-EEB001E3E03A}.Release|Any CPU.Build.0 = Release|Any CPU
		{206762F2-AD04-421C-A64B-7353FC679B04}.Debug|Any CPU.ActiveCfg = Debug|Any CPU
		{206762F2-AD04-421C-A64B-7353FC679B04}.Debug|Any CPU.Build.0 = Debug|Any CPU
		{206762F2-AD04-421C-A64B-7353FC679B04}.Release|Any CPU.ActiveCfg = Release|Any CPU
		{206762F2-AD04-421C-A64B-7353FC679B04}.Release|Any CPU.Build.0 = Release|Any CPU
		{FB305595-D7DB-4668-BADF-1EBC22B93816}.Debug|Any CPU.ActiveCfg = Debug|Any CPU
		{FB305595-D7DB-4668-BADF-1EBC22B93816}.Debug|Any CPU.Build.0 = Debug|Any CPU
		{FB305595-D7DB-4668-BADF-1EBC22B93816}.Release|Any CPU.ActiveCfg = Release|Any CPU
		{FB305595-D7DB-4668-BADF-1EBC22B93816}.Release|Any CPU.Build.0 = Release|Any CPU
		{BE9E82DF-71FE-4F71-8F92-A4C2FA7D2EA3}.Debug|Any CPU.ActiveCfg = Debug|Any CPU
		{BE9E82DF-71FE-4F71-8F92-A4C2FA7D2EA3}.Debug|Any CPU.Build.0 = Debug|Any CPU
		{BE9E82DF-71FE-4F71-8F92-A4C2FA7D2EA3}.Release|Any CPU.ActiveCfg = Release|Any CPU
		{BE9E82DF-71FE-4F71-8F92-A4C2FA7D2EA3}.Release|Any CPU.Build.0 = Release|Any CPU
		{476EE1CA-22F5-40EB-AF0E-35612ECA5D81}.Debug|Any CPU.ActiveCfg = Debug|Any CPU
		{476EE1CA-22F5-40EB-AF0E-35612ECA5D81}.Debug|Any CPU.Build.0 = Debug|Any CPU
		{476EE1CA-22F5-40EB-AF0E-35612ECA5D81}.Release|Any CPU.ActiveCfg = Release|Any CPU
		{476EE1CA-22F5-40EB-AF0E-35612ECA5D81}.Release|Any CPU.Build.0 = Release|Any CPU
		{A7B0A08B-9E42-4837-895C-6E076D4A5205}.Debug|Any CPU.ActiveCfg = Debug|Any CPU
		{A7B0A08B-9E42-4837-895C-6E076D4A5205}.Debug|Any CPU.Build.0 = Debug|Any CPU
		{A7B0A08B-9E42-4837-895C-6E076D4A5205}.Release|Any CPU.ActiveCfg = Release|Any CPU
		{A7B0A08B-9E42-4837-895C-6E076D4A5205}.Release|Any CPU.Build.0 = Release|Any CPU
	EndGlobalSection
	GlobalSection(SolutionProperties) = preSolution
		HideSolutionNode = FALSE
	EndGlobalSection
	GlobalSection(ExtensibilityGlobals) = postSolution
		SolutionGuid = {27CED685-62A5-4B38-A72F-455402FF618B}
	EndGlobalSection
EndGlobal
